lockfileVersion: 5.4

specifiers:
  '@nhost/core': ^0.9.2
  '@nhost/nhost-js': 1.6.0
  '@types/express': ^4.17.14
  form-data: ^4.0.0
  graphql: ^16.6.0
  node-fetch: ^3.3.0

dependencies:
  '@nhost/core': 0.9.2
  '@nhost/nhost-js': 1.6.0_pbqec7j2qeuvmwjdod56unsjmm
  '@types/express': 4.17.14
  form-data: 4.0.0
  graphql: 16.6.0
  node-fetch: 3.3.0

packages:

  /@nhost/core/0.9.2:
    resolution: {integrity: sha512-TnhGbQ299P56gevr5XXdQ08+3bzfRGLotpsZehc4/UMF+5X7PcWB0pee8vYkOGW/fv9K4EVO06YxWdtTb63JkQ==}
    dependencies:
      '@simplewebauthn/browser': 6.2.2
      axios: 1.1.3
      js-cookie: 3.0.1
      xstate: 4.34.0
    transitivePeerDependencies:
      - debug
    dev: false

  /@nhost/hasura-auth-js/1.6.2_@nhost+core@0.9.2:
    resolution: {integrity: sha512-epKIE4yzTCe09UhYK+KKAQ2ymwJAZtEd3JCZMEdQ4UHYw/CQJ398TCphbBWsnUYQ6Cn4jcnEf3pI4El/EVthDw==}
    peerDependencies:
      '@nhost/core': 0.9.2
    dependencies:
      '@nhost/core': 0.9.2
      axios: 1.1.3
      jwt-decode: 3.1.2
      xstate: 4.34.0
    transitivePeerDependencies:
      - debug
    dev: false

  /@nhost/hasura-storage-js/0.7.2_@nhost+core@0.9.2:
    resolution: {integrity: sha512-QmfAdYcy7MubkYrWa0ERkB0KTAxvtGZm5r5CwV2B8OnZFYA1Pv3cY319W7BaELcmUkN9YdUwltNe362ulBQWyA==}
    peerDependencies:
      '@nhost/core': 0.9.2
    dependencies:
      '@nhost/core': 0.9.2
      axios: 1.1.3
      form-data: 4.0.0
      xstate: 4.34.0
    transitivePeerDependencies:
      - debug
    dev: false

  /@nhost/nhost-js/1.6.0_pbqec7j2qeuvmwjdod56unsjmm:
    resolution: {integrity: sha512-8vj8Fu9NQqk730Vuq78krfAu5DjwF2P4a8FA2aaQC2F1TaCAW6UfwcZM2KJaQuXU4MhEEZSiXRllLmn4p5XJIg==}
    peerDependencies:
      graphql: ^14.0.0 || ^15.0.0 || ^16.0.0
    dependencies:
      '@nhost/hasura-auth-js': 1.6.2_@nhost+core@0.9.2
      '@nhost/hasura-storage-js': 0.7.2_@nhost+core@0.9.2
      axios: 1.1.3
      graphql: 16.6.0
      jwt-decode: 3.1.2
      query-string: 7.1.1
    transitivePeerDependencies:
      - '@nhost/core'
      - debug
    dev: false

  /@simplewebauthn/browser/6.2.2:
    resolution: {integrity: sha512-VUtne7+s6BmW4usnbitjZEI1VNT/PNh6bYg+AI4OMdfpo5z+yAq+6iVAWBJlIUGVk5InetEQvTUp6OefBam8qg==}
    dev: false

  /@types/body-parser/1.19.2:
    resolution: {integrity: sha512-ALYone6pm6QmwZoAgeyNksccT9Q4AWZQ6PvfwR37GT6r6FWUPguq6sUmNGSMV2Wr761oQoBxwGGa6DR5o1DC9g==}
    dependencies:
      '@types/connect': 3.4.35
      '@types/node': 18.11.9
    dev: false

  /@types/connect/3.4.35:
    resolution: {integrity: sha512-cdeYyv4KWoEgpBISTxWvqYsVy444DOqehiF3fM3ne10AmJ62RSyNkUnxMJXHQWRQQX2eR94m5y1IZyDwBjV9FQ==}
    dependencies:
      '@types/node': 18.11.9
    dev: false

  /@types/express-serve-static-core/4.17.31:
    resolution: {integrity: sha512-DxMhY+NAsTwMMFHBTtJFNp5qiHKJ7TeqOo23zVEM9alT1Ml27Q3xcTH0xwxn7Q0BbMcVEJOs/7aQtUWupUQN3Q==}
    dependencies:
      '@types/node': 18.11.9
      '@types/qs': 6.9.7
      '@types/range-parser': 1.2.4
    dev: false

  /@types/express/4.17.14:
    resolution: {integrity: sha512-TEbt+vaPFQ+xpxFLFssxUDXj5cWCxZJjIcB7Yg0k0GMHGtgtQgpvx/MUQUeAkNbA9AAGrwkAsoeItdTgS7FMyg==}
    dependencies:
      '@types/body-parser': 1.19.2
      '@types/express-serve-static-core': 4.17.31
      '@types/qs': 6.9.7
      '@types/serve-static': 1.15.0
    dev: false

  /@types/mime/3.0.1:
    resolution: {integrity: sha512-Y4XFY5VJAuw0FgAqPNd6NNoV44jbq9Bz2L7Rh/J6jLTiHBSBJa9fxqQIvkIld4GsoDOcCbvzOUAbLPsSKKg+uA==}
    dev: false

  /@types/node/18.11.9:
    resolution: {integrity: sha512-CRpX21/kGdzjOpFsZSkcrXMGIBWMGNIHXXBVFSH+ggkftxg+XYP20TESbh+zFvFj3EQOl5byk0HTRn1IL6hbqg==}
    dev: false

  /@types/qs/6.9.7:
    resolution: {integrity: sha512-FGa1F62FT09qcrueBA6qYTrJPVDzah9a+493+o2PCXsesWHIn27G98TsSMs3WPNbZIEj4+VJf6saSFpvD+3Zsw==}
    dev: false

  /@types/range-parser/1.2.4:
    resolution: {integrity: sha512-EEhsLsD6UsDM1yFhAvy0Cjr6VwmpMWqFBCb9w07wVugF7w9nfajxLuVmngTIpgS6svCnm6Vaw+MZhoDCKnOfsw==}
    dev: false

  /@types/serve-static/1.15.0:
    resolution: {integrity: sha512-z5xyF6uh8CbjAu9760KDKsH2FcDxZ2tFCsA4HIMWE6IkiYMXfVoa+4f9KX+FN0ZLsaMw1WNG2ETLA6N+/YA+cg==}
    dependencies:
      '@types/mime': 3.0.1
      '@types/node': 18.11.9
    dev: false

  /asynckit/0.4.0:
    resolution: {integrity: sha512-Oei9OH4tRh0YqU3GxhX79dM/mwVgvbZJaSNaRk+bshkj0S5cfHcgYakreBjrHwatXKbz+IoIdYLxrKim2MjW0Q==}
    dev: false

  /axios/1.1.3:
    resolution: {integrity: sha512-00tXVRwKx/FZr/IDVFt4C+f9FYairX517WoGCL6dpOntqLkZofjhu43F/Xl44UOpqa+9sLFDrG/XAnFsUYgkDA==}
    dependencies:
      follow-redirects: 1.15.2
      form-data: 4.0.0
      proxy-from-env: 1.1.0
    transitivePeerDependencies:
      - debug
    dev: false

  /combined-stream/1.0.8:
    resolution: {integrity: sha512-FQN4MRfuJeHf7cBbBMJFXhKSDq+2kAArBlmRBvcvFE5BB1HZKXtSFASDhdlz9zOYwxh8lDdnvmMOe/+5cdoEdg==}
    engines: {node: '>= 0.8'}
    dependencies:
      delayed-stream: 1.0.0
    dev: false

  /data-uri-to-buffer/4.0.0:
    resolution: {integrity: sha512-Vr3mLBA8qWmcuschSLAOogKgQ/Jwxulv3RNE4FXnYWRGujzrRWQI4m12fQqRkwX06C0KanhLr4hK+GydchZsaA==}
    engines: {node: '>= 12'}
    dev: false

  /decode-uri-component/0.2.0:
    resolution: {integrity: sha512-hjf+xovcEn31w/EUYdTXQh/8smFL/dzYjohQGEIgjyNavaJfBY2p5F527Bo1VPATxv0VYTUC2bOcXvqFwk78Og==}
    engines: {node: '>=0.10'}
    dev: false

  /delayed-stream/1.0.0:
    resolution: {integrity: sha512-ZySD7Nf91aLB0RxL4KGrKHBXl7Eds1DAmEdcoVawXnLD7SDhpNgtuII2aAkg7a7QS41jxPSZ17p4VdGnMHk3MQ==}
    engines: {node: '>=0.4.0'}
    dev: false

  /fetch-blob/3.2.0:
    resolution: {integrity: sha512-7yAQpD2UMJzLi1Dqv7qFYnPbaPx7ZfFK6PiIxQ4PfkGPyNyl2Ugx+a/umUonmKqjhM4DnfbMvdX6otXq83soQQ==}
    engines: {node: ^12.20 || >= 14.13}
    dependencies:
      node-domexception: 1.0.0
      web-streams-polyfill: 3.2.1
    dev: false

  /filter-obj/1.1.0:
    resolution: {integrity: sha512-8rXg1ZnX7xzy2NGDVkBVaAy+lSlPNwad13BtgSlLuxfIslyt5Vg64U7tFcCt4WS1R0hvtnQybT/IyCkGZ3DpXQ==}
    engines: {node: '>=0.10.0'}
    dev: false

  /follow-redirects/1.15.2:
    resolution: {integrity: sha512-VQLG33o04KaQ8uYi2tVNbdrWp1QWxNNea+nmIB4EVM28v0hmP17z7aG1+wAkNzVq4KeXTq3221ye5qTJP91JwA==}
    engines: {node: '>=4.0'}
    peerDependencies:
      debug: '*'
    peerDependenciesMeta:
      debug:
        optional: true
    dev: false

  /form-data/4.0.0:
    resolution: {integrity: sha512-ETEklSGi5t0QMZuiXoA/Q6vcnxcLQP5vdugSpuAyi6SVGi2clPPp+xgEhuMaHC+zGgn31Kd235W35f7Hykkaww==}
    engines: {node: '>= 6'}
    dependencies:
      asynckit: 0.4.0
      combined-stream: 1.0.8
      mime-types: 2.1.35
    dev: false

  /formdata-polyfill/4.0.10:
    resolution: {integrity: sha512-buewHzMvYL29jdeQTVILecSaZKnt/RJWjoZCF5OW60Z67/GmSLBkOFM7qh1PI3zFNtJbaZL5eQu1vLfazOwj4g==}
    engines: {node: '>=12.20.0'}
    dependencies:
      fetch-blob: 3.2.0
    dev: false

  /graphql/16.6.0:
    resolution: {integrity: sha512-KPIBPDlW7NxrbT/eh4qPXz5FiFdL5UbaA0XUNz2Rp3Z3hqBSkbj0GVjwFDztsWVauZUWsbKHgMg++sk8UX0bkw==}
    engines: {node: ^12.22.0 || ^14.16.0 || ^16.0.0 || >=17.0.0}
    dev: false

  /js-cookie/3.0.1:
    resolution: {integrity: sha512-+0rgsUXZu4ncpPxRL+lNEptWMOWl9etvPHc/koSRp6MPwpRYAhmk0dUG00J4bxVV3r9uUzfo24wW0knS07SKSw==}
    engines: {node: '>=12'}
    dev: false

  /jwt-decode/3.1.2:
    resolution: {integrity: sha512-UfpWE/VZn0iP50d8cz9NrZLM9lSWhcJ+0Gt/nm4by88UL+J1SiKN8/5dkjMmbEzwL2CAe+67GsegCbIKtbp75A==}
    dev: false

  /mime-db/1.52.0:
    resolution: {integrity: sha512-sPU4uV7dYlvtWJxwwxHD0PuihVNiE7TyAbQ5SWxDCB9mUYvOgroQOwYQQOKPJ8CIbE+1ETVlOoK1UC2nU3gYvg==}
    engines: {node: '>= 0.6'}
    dev: false

  /mime-types/2.1.35:
    resolution: {integrity: sha512-ZDY+bPm5zTTF+YpCrAU9nK0UgICYPT0QtT1NZWFv4s++TNkcgVaT0g6+4R2uI4MjQjzysHB1zxuWL50hzaeXiw==}
    engines: {node: '>= 0.6'}
    dependencies:
      mime-db: 1.52.0
    dev: false

  /node-domexception/1.0.0:
    resolution: {integrity: sha512-/jKZoMpw0F8GRwl4/eLROPA3cfcXtLApP0QzLmUT/HuPCZWyB7IY9ZrMeKw2O/nFIqPQB3PVM9aYm0F312AXDQ==}
    engines: {node: '>=10.5.0'}
    dev: false

  /node-fetch/3.3.0:
    resolution: {integrity: sha512-BKwRP/O0UvoMKp7GNdwPlObhYGB5DQqwhEDQlNKuoqwVYSxkSZCSbHjnFFmUEtwSKRPU4kNK8PbDYYitwaE3QA==}
    engines: {node: ^12.20.0 || ^14.13.1 || >=16.0.0}
    dependencies:
      data-uri-to-buffer: 4.0.0
      fetch-blob: 3.2.0
      formdata-polyfill: 4.0.10
    dev: false

  /proxy-from-env/1.1.0:
    resolution: {integrity: sha512-D+zkORCbA9f1tdWRK0RaCR3GPv50cMxcrz4X8k5LTSUD1Dkw47mKJEZQNunItRTkWwgtaUSo1RVFRIG9ZXiFYg==}
    dev: false

  /query-string/7.1.1:
    resolution: {integrity: sha512-MplouLRDHBZSG9z7fpuAAcI7aAYjDLhtsiVZsevsfaHWDS2IDdORKbSd1kWUA+V4zyva/HZoSfpwnYMMQDhb0w==}
    engines: {node: '>=6'}
    dependencies:
      decode-uri-component: 0.2.0
      filter-obj: 1.1.0
      split-on-first: 1.1.0
      strict-uri-encode: 2.0.0
    dev: false

  /split-on-first/1.1.0:
    resolution: {integrity: sha512-43ZssAJaMusuKWL8sKUBQXHWOpq8d6CfN/u1p4gUzfJkM05C8rxTmYrkIPTXapZpORA6LkkzcUulJ8FqA7Uudw==}
    engines: {node: '>=6'}
    dev: false

  /strict-uri-encode/2.0.0:
    resolution: {integrity: sha512-QwiXZgpRcKkhTj2Scnn++4PKtWsH0kpzZ62L2R6c/LUVYv7hVnZqcg2+sMuT6R7Jusu1vviK/MFsu6kNJfWlEQ==}
    engines: {node: '>=4'}
    dev: false

  /web-streams-polyfill/3.2.1:
    resolution: {integrity: sha512-e0MO3wdXWKrLbL0DgGnUV7WHVuw9OUvL4hjgnPkIeEvESk74gAITi5G606JtZPp39cd8HA9VQzCIvA49LpPN5Q==}
    engines: {node: '>= 8'}
    dev: false

  /xstate/4.34.0:
    resolution: {integrity: sha512-MFnYz7cJrWuXSZ8IPkcCyLB1a2T3C71kzMeShXKmNaEjBR/JQebKZPHTtxHKZpymESaWO31rA3IQ30TC6LW+sw==}
    dev: false
